symfony 4259530856c6f58d18ac6082f62d3f27b049b62e
twig 661e9c7ad2820e881c93474f2fbcbe2661fd1970
monolog 66c1cc05a8e00fb5d4dbf540dba12b5727564d33
doctrine-common 1b9649a1aa40782471e7e407f37ea34f87f04949
doctrine-dbal b59ccaf3b24b93846f227253d44084094a3d8b61
doctrine 5299bd788f7afa8bee9a251f6efa99fb64742ffe
swiftmailer c53c8c1ab88c78c463ba65086d93d00193957e94
assetic 7448f2c09c8824e756a12e8be291ce0ce657b246
twig-extensions 6b0cc16934b6e62ef07c8d2e59f9f13ff3193d3d
metadata aa04872c6f0e2b32128b62dd075e8cf97a8d93da
SensioFrameworkExtraBundle d36c60b4b1f47081476742d4aae39d4a5c9f4272
JMSSecurityExtraBundle a7717ed531f64fac812634d7f5a5c6c9b825e14f
SensioGeneratorBundle 5d78a4b1398aaa11b2965dd6772abb1865977a32
AsseticBundle d07327d1ed07b004b145774798b29b09a00e60ff
FOSUserBundle 9bbaa6d95615f1a919e843e7ac0b3ae8678bf2fc
FOSRestBundle 80f2c169fdf8688c81b7e17cf926b63d8a4b6550
FOSCommentBundle 0664b66ecb4ff5891c896512d519c01ee1e2c3d7
merkNotificationBundle e24334788973be8a8cb498b0bad55c20c40c13ca
OrnicarAkismetBundle 138517f571e8141dc5a4c4ccf4fd19c5845520fc