symfony 4259530856c6f58d18ac6082f62d3f27b049b62e
twig 661e9c7ad2820e881c93474f2fbcbe2661fd1970
monolog 66c1cc05a8e00fb5d4dbf540dba12b5727564d33
doctrine-common 1b9649a1aa40782471e7e407f37ea34f87f04949
doctrine-dbal b59ccaf3b24b93846f227253d44084094a3d8b61
doctrine 5299bd788f7afa8bee9a251f6efa99fb64742ffe
swiftmailer c53c8c1ab88c78c463ba65086d93d00193957e94
assetic 6e535b0e65d0d0d731ae3a620e3a3c6d34596d39
twig-extensions 6b0cc16934b6e62ef07c8d2e59f9f13ff3193d3d
metadata 8717ad2a5689480765d9ffafe925cd8a2457e582
SensioFrameworkExtraBundle bced40d4d123f5171f888d6e56bb638b8c2a5e57
JMSSecurityExtraBundle 936892c9735f76037393639f1410773715bf403c
SensioGeneratorBundle 1b59f604c56480b3ac06b0e79742244e958089c0
AsseticBundle 61bc7f32c663a9c7be53ed761a574a1509f74d7e
FOSUserBundle 9bbaa6d95615f1a919e843e7ac0b3ae8678bf2fc
FOSRestBundle 80f2c169fdf8688c81b7e17cf926b63d8a4b6550
FOSCommentBundle 0664b66ecb4ff5891c896512d519c01ee1e2c3d7
merkNotificationBundle e24334788973be8a8cb498b0bad55c20c40c13ca
OrnicarAkismetBundle 138517f571e8141dc5a4c4ccf4fd19c5845520fc
